
Microsoft Visual Studio Solution File, Format Version 12.00
# Visual Studio 15
VisualStudioVersion = 15.0.28307.421
MinimumVisualStudioVersion = 10.0.40219.1
Project("{FAE04EC0-301F-11D3-BF4B-00C04F79EFBC}") = "Kocka_Mys", "Kocka_Mys\Kocka_Mys.csproj", "{7C6B3440-F357-46F3-997B-A068EE4C018F}"
EndProject
Global
	GlobalSection(SolutionConfigurationPlatforms) = preSolution
		Debug|Any CPU = Debug|Any CPU
		Release|Any CPU = Release|Any CPU
	EndGlobalSection
	GlobalSection(ProjectConfigurationPlatforms) = postSolution
		{7C6B3440-F357-46F3-997B-A068EE4C018F}.Debug|Any CPU.ActiveCfg = Debug|Any CPU
		{7C6B3440-F357-46F3-997B-A068EE4C018F}.Debug|Any CPU.Build.0 = Debug|Any CPU
		{7C6B3440-F357-46F3-997B-A068EE4C018F}.Release|Any CPU.ActiveCfg = Release|Any CPU
		{7C6B3440-F357-46F3-997B-A068EE4C018F}.Release|Any CPU.Build.0 = Release|Any CPU
	EndGlobalSection
	GlobalSection(SolutionProperties) = preSolution
		HideSolutionNode = FALSE
	EndGlobalSection
	GlobalSection(ExtensibilityGlobals) = postSolution
		SolutionGuid = {326ABFDF-AF66-402F-9137-CEEA05B40BB8}
	EndGlobalSection
EndGlobal
