
Microsoft Visual Studio Solution File, Format Version 12.00
# Visual Studio 14
VisualStudioVersion = 14.0.25420.1
MinimumVisualStudioVersion = 10.0.40219.1
Project("{FAE04EC0-301F-11D3-BF4B-00C04F79EFBC}") = "WindowsFormsApplicationMalováníMatorutníOtázkaSyrovátka", "WindowsFormsApplicationMalováníMatorutníOtázkaSyrovátka.csproj", "{02981108-E679-4627-9CC0-410BD25FDF72}"
EndProject
Global
	GlobalSection(SolutionConfigurationPlatforms) = preSolution
		Debug|Any CPU = Debug|Any CPU
		Release|Any CPU = Release|Any CPU
	EndGlobalSection
	GlobalSection(ProjectConfigurationPlatforms) = postSolution
		{02981108-E679-4627-9CC0-410BD25FDF72}.Debug|Any CPU.ActiveCfg = Debug|Any CPU
		{02981108-E679-4627-9CC0-410BD25FDF72}.Debug|Any CPU.Build.0 = Debug|Any CPU
		{02981108-E679-4627-9CC0-410BD25FDF72}.Release|Any CPU.ActiveCfg = Release|Any CPU
		{02981108-E679-4627-9CC0-410BD25FDF72}.Release|Any CPU.Build.0 = Release|Any CPU
	EndGlobalSection
	GlobalSection(SolutionProperties) = preSolution
		HideSolutionNode = FALSE
	EndGlobalSection
EndGlobal
