
Microsoft Visual Studio Solution File, Format Version 12.00
# Visual Studio Version 16
VisualStudioVersion = 16.0.28803.352
MinimumVisualStudioVersion = 10.0.40219.1
Project("{FAE04EC0-301F-11D3-BF4B-00C04F79EFBC}") = "WindowsFormsApp", "WindowsFormsApp\WindowsFormsApp.csproj", "{40F178BE-A331-4C04-B84A-DBFBFA4A598C}"
EndProject
Global
	GlobalSection(SolutionConfigurationPlatforms) = preSolution
		Debug|Any CPU = Debug|Any CPU
		Release|Any CPU = Release|Any CPU
	EndGlobalSection
	GlobalSection(ProjectConfigurationPlatforms) = postSolution
		{40F178BE-A331-4C04-B84A-DBFBFA4A598C}.Debug|Any CPU.ActiveCfg = Debug|Any CPU
		{40F178BE-A331-4C04-B84A-DBFBFA4A598C}.Debug|Any CPU.Build.0 = Debug|Any CPU
		{40F178BE-A331-4C04-B84A-DBFBFA4A598C}.Release|Any CPU.ActiveCfg = Release|Any CPU
		{40F178BE-A331-4C04-B84A-DBFBFA4A598C}.Release|Any CPU.Build.0 = Release|Any CPU
	EndGlobalSection
	GlobalSection(SolutionProperties) = preSolution
		HideSolutionNode = FALSE
	EndGlobalSection
	GlobalSection(ExtensibilityGlobals) = postSolution
		SolutionGuid = {01BD4F00-9897-4BDE-8C97-9E22E98E0B43}
	EndGlobalSection
EndGlobal
