
Microsoft Visual Studio Solution File, Format Version 12.00
# Visual Studio 15
VisualStudioVersion = 15.0.28010.2050
MinimumVisualStudioVersion = 10.0.40219.1
Project("{FAE04EC0-301F-11D3-BF4B-00C04F79EFBC}") = "02_Kvadraticka_Rovnice", "02_Kvadraticka_Rovnice.csproj", "{937052E1-3652-4FA5-8C7E-8AF4FAC9605C}"
EndProject
Global
	GlobalSection(SolutionConfigurationPlatforms) = preSolution
		Debug|Any CPU = Debug|Any CPU
		Release|Any CPU = Release|Any CPU
	EndGlobalSection
	GlobalSection(ProjectConfigurationPlatforms) = postSolution
		{937052E1-3652-4FA5-8C7E-8AF4FAC9605C}.Debug|Any CPU.ActiveCfg = Debug|Any CPU
		{937052E1-3652-4FA5-8C7E-8AF4FAC9605C}.Debug|Any CPU.Build.0 = Debug|Any CPU
		{937052E1-3652-4FA5-8C7E-8AF4FAC9605C}.Release|Any CPU.ActiveCfg = Release|Any CPU
		{937052E1-3652-4FA5-8C7E-8AF4FAC9605C}.Release|Any CPU.Build.0 = Release|Any CPU
	EndGlobalSection
	GlobalSection(SolutionProperties) = preSolution
		HideSolutionNode = FALSE
	EndGlobalSection
	GlobalSection(ExtensibilityGlobals) = postSolution
		SolutionGuid = {B07F7651-9F1F-4DFE-8D0F-F3EE2D7DAB7A}
	EndGlobalSection
EndGlobal
