
Microsoft Visual Studio Solution File, Format Version 12.00
# Visual Studio 15
VisualStudioVersion = 15.0.28307.329
MinimumVisualStudioVersion = 10.0.40219.1
Project("{FAE04EC0-301F-11D3-BF4B-00C04F79EFBC}") = "Files", "Files.csproj", "{548C04D9-1871-42FE-A7D2-53B1F640A2BB}"
EndProject
Global
	GlobalSection(SolutionConfigurationPlatforms) = preSolution
		Debug|Any CPU = Debug|Any CPU
		Release|Any CPU = Release|Any CPU
	EndGlobalSection
	GlobalSection(ProjectConfigurationPlatforms) = postSolution
		{548C04D9-1871-42FE-A7D2-53B1F640A2BB}.Debug|Any CPU.ActiveCfg = Debug|Any CPU
		{548C04D9-1871-42FE-A7D2-53B1F640A2BB}.Debug|Any CPU.Build.0 = Debug|Any CPU
		{548C04D9-1871-42FE-A7D2-53B1F640A2BB}.Release|Any CPU.ActiveCfg = Release|Any CPU
		{548C04D9-1871-42FE-A7D2-53B1F640A2BB}.Release|Any CPU.Build.0 = Release|Any CPU
	EndGlobalSection
	GlobalSection(SolutionProperties) = preSolution
		HideSolutionNode = FALSE
	EndGlobalSection
	GlobalSection(ExtensibilityGlobals) = postSolution
		SolutionGuid = {E0C9FB9C-9E9E-4548-A397-DB12F69BF443}
	EndGlobalSection
EndGlobal
