
Microsoft Visual Studio Solution File, Format Version 12.00
# Visual Studio Version 16
VisualStudioVersion = 16.0.28803.352
MinimumVisualStudioVersion = 10.0.40219.1
Project("{FAE04EC0-301F-11D3-BF4B-00C04F79EFBC}") = "OOP", "OOP\OOP.csproj", "{CDDA48A5-87D3-4E9E-A7AC-689DA9D25C9E}"
EndProject
Global
	GlobalSection(SolutionConfigurationPlatforms) = preSolution
		Debug|Any CPU = Debug|Any CPU
		Release|Any CPU = Release|Any CPU
	EndGlobalSection
	GlobalSection(ProjectConfigurationPlatforms) = postSolution
		{CDDA48A5-87D3-4E9E-A7AC-689DA9D25C9E}.Debug|Any CPU.ActiveCfg = Debug|Any CPU
		{CDDA48A5-87D3-4E9E-A7AC-689DA9D25C9E}.Debug|Any CPU.Build.0 = Debug|Any CPU
		{CDDA48A5-87D3-4E9E-A7AC-689DA9D25C9E}.Release|Any CPU.ActiveCfg = Release|Any CPU
		{CDDA48A5-87D3-4E9E-A7AC-689DA9D25C9E}.Release|Any CPU.Build.0 = Release|Any CPU
	EndGlobalSection
	GlobalSection(SolutionProperties) = preSolution
		HideSolutionNode = FALSE
	EndGlobalSection
	GlobalSection(ExtensibilityGlobals) = postSolution
		SolutionGuid = {5CA04105-1D56-4A82-ABB1-E37465B53072}
	EndGlobalSection
EndGlobal
