
Microsoft Visual Studio Solution File, Format Version 12.00
# Visual Studio Version 16
VisualStudioVersion = 16.0.28803.352
MinimumVisualStudioVersion = 10.0.40219.1
Project("{FAE04EC0-301F-11D3-BF4B-00C04F79EFBC}") = "BubbleSort", "BubbleSort\BubbleSort.csproj", "{F966555E-C2DD-40BE-A328-072227ECB779}"
EndProject
Global
	GlobalSection(SolutionConfigurationPlatforms) = preSolution
		Debug|Any CPU = Debug|Any CPU
		Release|Any CPU = Release|Any CPU
	EndGlobalSection
	GlobalSection(ProjectConfigurationPlatforms) = postSolution
		{F966555E-C2DD-40BE-A328-072227ECB779}.Debug|Any CPU.ActiveCfg = Debug|Any CPU
		{F966555E-C2DD-40BE-A328-072227ECB779}.Debug|Any CPU.Build.0 = Debug|Any CPU
		{F966555E-C2DD-40BE-A328-072227ECB779}.Release|Any CPU.ActiveCfg = Release|Any CPU
		{F966555E-C2DD-40BE-A328-072227ECB779}.Release|Any CPU.Build.0 = Release|Any CPU
	EndGlobalSection
	GlobalSection(SolutionProperties) = preSolution
		HideSolutionNode = FALSE
	EndGlobalSection
	GlobalSection(ExtensibilityGlobals) = postSolution
		SolutionGuid = {209BB0DE-1166-4FE1-A229-1D90E8DD3D5B}
	EndGlobalSection
EndGlobal
